// !$*UTF8*$!
{
	archiveVersion = 1;
	classes = {
	};
	objectVersion = 50;
	objects = {

/* Begin PBXBuildFile section */
		6815EFA22439F7E40043856E /* TestView.swift in Sources */ = {isa = PBXBuildFile; fileRef = 6815EFA12439F7E40043856E /* TestView.swift */; };
		6835D89C24430D60005E7297 /* UploadViewModel.swift in Sources */ = {isa = PBXBuildFile; fileRef = 6835D89B24430D60005E7297 /* UploadViewModel.swift */; };
		6835D89E24431629005E7297 /* Constants.swift in Sources */ = {isa = PBXBuildFile; fileRef = 6835D89D24431629005E7297 /* Constants.swift */; };
		685B80AC2437A4F2002BF820 /* AppDelegate.swift in Sources */ = {isa = PBXBuildFile; fileRef = 685B80AB2437A4F2002BF820 /* AppDelegate.swift */; };
		685B80AE2437A4F2002BF820 /* SceneDelegate.swift in Sources */ = {isa = PBXBuildFile; fileRef = 685B80AD2437A4F2002BF820 /* SceneDelegate.swift */; };
		685B80B02437A4F2002BF820 /* ServerSelectView.swift in Sources */ = {isa = PBXBuildFile; fileRef = 685B80AF2437A4F2002BF820 /* ServerSelectView.swift */; };
		685B80B22437A4F2002BF820 /* Assets.xcassets in Resources */ = {isa = PBXBuildFile; fileRef = 685B80B12437A4F2002BF820 /* Assets.xcassets */; };
		685B80B52437A4F2002BF820 /* Preview Assets.xcassets in Resources */ = {isa = PBXBuildFile; fileRef = 685B80B42437A4F2002BF820 /* Preview Assets.xcassets */; };
		685B80B82437A4F2002BF820 /* LaunchScreen.storyboard in Resources */ = {isa = PBXBuildFile; fileRef = 685B80B62437A4F2002BF820 /* LaunchScreen.storyboard */; };
		685B80C02437AD88002BF820 /* DownloadViewModel.swift in Sources */ = {isa = PBXBuildFile; fileRef = 685B80BF2437AD88002BF820 /* DownloadViewModel.swift */; };
		686DD1C8243A0C9C00402F7D /* Formatters.swift in Sources */ = {isa = PBXBuildFile; fileRef = 686DD1C7243A0C9C00402F7D /* Formatters.swift */; };
/* End PBXBuildFile section */

/* Begin PBXFileReference section */
		6815EFA12439F7E40043856E /* TestView.swift */ = {isa = PBXFileReference; lastKnownFileType = sourcecode.swift; path = TestView.swift; sourceTree = "<group>"; };
		6835D89B24430D60005E7297 /* UploadViewModel.swift */ = {isa = PBXFileReference; lastKnownFileType = sourcecode.swift; path = UploadViewModel.swift; sourceTree = "<group>"; };
		6835D89D24431629005E7297 /* Constants.swift */ = {isa = PBXFileReference; lastKnownFileType = sourcecode.swift; path = Constants.swift; sourceTree = "<group>"; };
		685B80A82437A4F2002BF820 /* librespeed-ios.app */ = {isa = PBXFileReference; explicitFileType = wrapper.application; includeInIndex = 0; path = "librespeed-ios.app"; sourceTree = BUILT_PRODUCTS_DIR; };
		685B80AB2437A4F2002BF820 /* AppDelegate.swift */ = {isa = PBXFileReference; lastKnownFileType = sourcecode.swift; path = AppDelegate.swift; sourceTree = "<group>"; };
		685B80AD2437A4F2002BF820 /* SceneDelegate.swift */ = {isa = PBXFileReference; lastKnownFileType = sourcecode.swift; path = SceneDelegate.swift; sourceTree = "<group>"; };
		685B80AF2437A4F2002BF820 /* ServerSelectView.swift */ = {isa = PBXFileReference; lastKnownFileType = sourcecode.swift; path = ServerSelectView.swift; sourceTree = "<group>"; };
		685B80B12437A4F2002BF820 /* Assets.xcassets */ = {isa = PBXFileReference; lastKnownFileType = folder.assetcatalog; path = Assets.xcassets; sourceTree = "<group>"; };
		685B80B42437A4F2002BF820 /* Preview Assets.xcassets */ = {isa = PBXFileReference; lastKnownFileType = folder.assetcatalog; path = "Preview Assets.xcassets"; sourceTree = "<group>"; };
		685B80B72437A4F2002BF820 /* Base */ = {isa = PBXFileReference; lastKnownFileType = file.storyboard; name = Base; path = Base.lproj/LaunchScreen.storyboard; sourceTree = "<group>"; };
		685B80B92437A4F2002BF820 /* Info.plist */ = {isa = PBXFileReference; lastKnownFileType = text.plist.xml; path = Info.plist; sourceTree = "<group>"; };
		685B80BF2437AD88002BF820 /* DownloadViewModel.swift */ = {isa = PBXFileReference; lastKnownFileType = sourcecode.swift; path = DownloadViewModel.swift; sourceTree = "<group>"; };
		686DD1C7243A0C9C00402F7D /* Formatters.swift */ = {isa = PBXFileReference; lastKnownFileType = sourcecode.swift; path = Formatters.swift; sourceTree = "<group>"; };
/* End PBXFileReference section */

/* Begin PBXFrameworksBuildPhase section */
		685B80A52437A4F2002BF820 /* Frameworks */ = {
			isa = PBXFrameworksBuildPhase;
			buildActionMask = 2147483647;
			files = (
			);
			runOnlyForDeploymentPostprocessing = 0;
		};
/* End PBXFrameworksBuildPhase section */

/* Begin PBXGroup section */
		6815EFA32439F7E80043856E /* Views */ = {
			isa = PBXGroup;
			children = (
				6835D89A24430D4B005E7297 /* ViewModels */,
				685B80AF2437A4F2002BF820 /* ServerSelectView.swift */,
				6815EFA12439F7E40043856E /* TestView.swift */,
			);
			path = Views;
			sourceTree = "<group>";
		};
		6835D89A24430D4B005E7297 /* ViewModels */ = {
			isa = PBXGroup;
			children = (
				685B80BF2437AD88002BF820 /* DownloadViewModel.swift */,
				6835D89B24430D60005E7297 /* UploadViewModel.swift */,
			);
			path = ViewModels;
			sourceTree = "<group>";
		};
		685B809F2437A4F2002BF820 = {
			isa = PBXGroup;
			children = (
				685B80AA2437A4F2002BF820 /* librespeed-ios */,
				685B80A92437A4F2002BF820 /* Products */,
			);
			sourceTree = "<group>";
		};
		685B80A92437A4F2002BF820 /* Products */ = {
			isa = PBXGroup;
			children = (
				685B80A82437A4F2002BF820 /* librespeed-ios.app */,
			);
			name = Products;
			sourceTree = "<group>";
		};
		685B80AA2437A4F2002BF820 /* librespeed-ios */ = {
			isa = PBXGroup;
			children = (
				685B80AB2437A4F2002BF820 /* AppDelegate.swift */,
				685B80AD2437A4F2002BF820 /* SceneDelegate.swift */,
				686DD1C6243A0C9200402F7D /* Utils */,
				6815EFA32439F7E80043856E /* Views */,
				685B80B12437A4F2002BF820 /* Assets.xcassets */,
				685B80B62437A4F2002BF820 /* LaunchScreen.storyboard */,
				685B80B92437A4F2002BF820 /* Info.plist */,
				685B80B32437A4F2002BF820 /* Preview Content */,
			);
			path = "librespeed-ios";
			sourceTree = "<group>";
		};
		685B80B32437A4F2002BF820 /* Preview Content */ = {
			isa = PBXGroup;
			children = (
				685B80B42437A4F2002BF820 /* Preview Assets.xcassets */,
			);
			path = "Preview Content";
			sourceTree = "<group>";
		};
		686DD1C6243A0C9200402F7D /* Utils */ = {
			isa = PBXGroup;
			children = (
				686DD1C7243A0C9C00402F7D /* Formatters.swift */,
				6835D89D24431629005E7297 /* Constants.swift */,
			);
			path = Utils;
			sourceTree = "<group>";
		};
/* End PBXGroup section */

/* Begin PBXNativeTarget section */
		685B80A72437A4F2002BF820 /* librespeed-ios */ = {
			isa = PBXNativeTarget;
			buildConfigurationList = 685B80BC2437A4F2002BF820 /* Build configuration list for PBXNativeTarget "librespeed-ios" */;
			buildPhases = (
				685B80A42437A4F2002BF820 /* Sources */,
				685B80A52437A4F2002BF820 /* Frameworks */,
				685B80A62437A4F2002BF820 /* Resources */,
			);
			buildRules = (
			);
			dependencies = (
			);
			name = "librespeed-ios";
			productName = "librespeed-ios";
			productReference = 685B80A82437A4F2002BF820 /* librespeed-ios.app */;
			productType = "com.apple.product-type.application";
		};
/* End PBXNativeTarget section */

/* Begin PBXProject section */
		685B80A02437A4F2002BF820 /* Project object */ = {
			isa = PBXProject;
			attributes = {
				LastSwiftUpdateCheck = 1130;
				LastUpgradeCheck = 1130;
				ORGANIZATIONNAME = Example;
				TargetAttributes = {
					685B80A72437A4F2002BF820 = {
						CreatedOnToolsVersion = 11.3.1;
					};
				};
			};
			buildConfigurationList = 685B80A32437A4F2002BF820 /* Build configuration list for PBXProject "librespeed-ios" */;
			compatibilityVersion = "Xcode 9.3";
			developmentRegion = en;
			hasScannedForEncodings = 0;
			knownRegions = (
				en,
				Base,
			);
			mainGroup = 685B809F2437A4F2002BF820;
			productRefGroup = 685B80A92437A4F2002BF820 /* Products */;
			projectDirPath = "";
			projectRoot = "";
			targets = (
				685B80A72437A4F2002BF820 /* librespeed-ios */,
			);
		};
/* End PBXProject section */

/* Begin PBXResourcesBuildPhase section */
		685B80A62437A4F2002BF820 /* Resources */ = {
			isa = PBXResourcesBuildPhase;
			buildActionMask = 2147483647;
			files = (
				685B80B82437A4F2002BF820 /* LaunchScreen.storyboard in Resources */,
				685B80B52437A4F2002BF820 /* Preview Assets.xcassets in Resources */,
				685B80B22437A4F2002BF820 /* Assets.xcassets in Resources */,
			);
			runOnlyForDeploymentPostprocessing = 0;
		};
/* End PBXResourcesBuildPhase section */

/* Begin PBXSourcesBuildPhase section */
		685B80A42437A4F2002BF820 /* Sources */ = {
			isa = PBXSourcesBuildPhase;
			buildActionMask = 2147483647;
			files = (
				6835D89C24430D60005E7297 /* UploadViewModel.swift in Sources */,
				686DD1C8243A0C9C00402F7D /* Formatters.swift in Sources */,
				685B80AC2437A4F2002BF820 /* AppDelegate.swift in Sources */,
				6815EFA22439F7E40043856E /* TestView.swift in Sources */,
				685B80C02437AD88002BF820 /* DownloadViewModel.swift in Sources */,
				685B80AE2437A4F2002BF820 /* SceneDelegate.swift in Sources */,
				685B80B02437A4F2002BF820 /* ServerSelectView.swift in Sources */,
				6835D89E24431629005E7297 /* Constants.swift in Sources */,
			);
			runOnlyForDeploymentPostprocessing = 0;
		};
/* End PBXSourcesBuildPhase section */

/* Begin PBXVariantGroup section */
		685B80B62437A4F2002BF820 /* LaunchScreen.storyboard */ = {
			isa = PBXVariantGroup;
			children = (
				685B80B72437A4F2002BF820 /* Base */,
			);
			name = LaunchScreen.storyboard;
			sourceTree = "<group>";
		};
/* End PBXVariantGroup section */

/* Begin XCBuildConfiguration section */
		685B80BA2437A4F2002BF820 /* Debug */ = {
			isa = XCBuildConfiguration;
			buildSettings = {
				ALWAYS_SEARCH_USER_PATHS = NO;
				CLANG_ANALYZER_NONNULL = YES;
				CLANG_ANALYZER_NUMBER_OBJECT_CONVERSION = YES_AGGRESSIVE;
				CLANG_CXX_LANGUAGE_STANDARD = "gnu++14";
				CLANG_CXX_LIBRARY = "libc++";
				CLANG_ENABLE_MODULES = YES;
				CLANG_ENABLE_OBJC_ARC = YES;
				CLANG_ENABLE_OBJC_WEAK = YES;
				CLANG_WARN_BLOCK_CAPTURE_AUTORELEASING = YES;
				CLANG_WARN_BOOL_CONVERSION = YES;
				CLANG_WARN_COMMA = YES;
				CLANG_WARN_CONSTANT_CONVERSION = YES;
				CLANG_WARN_DEPRECATED_OBJC_IMPLEMENTATIONS = YES;
				CLANG_WARN_DIRECT_OBJC_ISA_USAGE = YES_ERROR;
				CLANG_WARN_DOCUMENTATION_COMMENTS = YES;
				CLANG_WARN_EMPTY_BODY = YES;
				CLANG_WARN_ENUM_CONVERSION = YES;
				CLANG_WARN_INFINITE_RECURSION = YES;
				CLANG_WARN_INT_CONVERSION = YES;
				CLANG_WARN_NON_LITERAL_NULL_CONVERSION = YES;
				CLANG_WARN_OBJC_IMPLICIT_RETAIN_SELF = YES;
				CLANG_WARN_OBJC_LITERAL_CONVERSION = YES;
				CLANG_WARN_OBJC_ROOT_CLASS = YES_ERROR;
				CLANG_WARN_RANGE_LOOP_ANALYSIS = YES;
				CLANG_WARN_STRICT_PROTOTYPES = YES;
				CLANG_WARN_SUSPICIOUS_MOVE = YES;
				CLANG_WARN_UNGUARDED_AVAILABILITY = YES_AGGRESSIVE;
				CLANG_WARN_UNREACHABLE_CODE = YES;
				CLANG_WARN__DUPLICATE_METHOD_MATCH = YES;
				COPY_PHASE_STRIP = NO;
				DEBUG_INFORMATION_FORMAT = dwarf;
				ENABLE_STRICT_OBJC_MSGSEND = YES;
				ENABLE_TESTABILITY = YES;
				GCC_C_LANGUAGE_STANDARD = gnu11;
				GCC_DYNAMIC_NO_PIC = NO;
				GCC_NO_COMMON_BLOCKS = YES;
				GCC_OPTIMIZATION_LEVEL = 0;
				GCC_PREPROCESSOR_DEFINITIONS = (
					"DEBUG=1",
					"$(inherited)",
				);
				GCC_WARN_64_TO_32_BIT_CONVERSION = YES;
				GCC_WARN_ABOUT_RETURN_TYPE = YES_ERROR;
				GCC_WARN_UNDECLARED_SELECTOR = YES;
				GCC_WARN_UNINITIALIZED_AUTOS = YES_AGGRESSIVE;
				GCC_WARN_UNUSED_FUNCTION = YES;
				GCC_WARN_UNUSED_VARIABLE = YES;
				IPHONEOS_DEPLOYMENT_TARGET = 13.2;
				MTL_ENABLE_DEBUG_INFO = INCLUDE_SOURCE;
				MTL_FAST_MATH = YES;
				ONLY_ACTIVE_ARCH = YES;
				SDKROOT = iphoneos;
				SWIFT_ACTIVE_COMPILATION_CONDITIONS = DEBUG;
				SWIFT_OPTIMIZATION_LEVEL = "-Onone";
			};
			name = Debug;
		};
		685B80BB2437A4F2002BF820 /* Release */ = {
			isa = XCBuildConfiguration;
			buildSettings = {
				ALWAYS_SEARCH_USER_PATHS = NO;
				CLANG_ANALYZER_NONNULL = YES;
				CLANG_ANALYZER_NUMBER_OBJECT_CONVERSION = YES_AGGRESSIVE;
				CLANG_CXX_LANGUAGE_STANDARD = "gnu++14";
				CLANG_CXX_LIBRARY = "libc++";
				CLANG_ENABLE_MODULES = YES;
				CLANG_ENABLE_OBJC_ARC = YES;
				CLANG_ENABLE_OBJC_WEAK = YES;
				CLANG_WARN_BLOCK_CAPTURE_AUTORELEASING = YES;
				CLANG_WARN_BOOL_CONVERSION = YES;
				CLANG_WARN_COMMA = YES;
				CLANG_WARN_CONSTANT_CONVERSION = YES;
				CLANG_WARN_DEPRECATED_OBJC_IMPLEMENTATIONS = YES;
				CLANG_WARN_DIRECT_OBJC_ISA_USAGE = YES_ERROR;
				CLANG_WARN_DOCUMENTATION_COMMENTS = YES;
				CLANG_WARN_EMPTY_BODY = YES;
				CLANG_WARN_ENUM_CONVERSION = YES;
				CLANG_WARN_INFINITE_RECURSION = YES;
				CLANG_WARN_INT_CONVERSION = YES;
				CLANG_WARN_NON_LITERAL_NULL_CONVERSION = YES;
				CLANG_WARN_OBJC_IMPLICIT_RETAIN_SELF = YES;
				CLANG_WARN_OBJC_LITERAL_CONVERSION = YES;
				CLANG_WARN_OBJC_ROOT_CLASS = YES_ERROR;
				CLANG_WARN_RANGE_LOOP_ANALYSIS = YES;
				CLANG_WARN_STRICT_PROTOTYPES = YES;
				CLANG_WARN_SUSPICIOUS_MOVE = YES;
				CLANG_WARN_UNGUARDED_AVAILABILITY = YES_AGGRESSIVE;
				CLANG_WARN_UNREACHABLE_CODE = YES;
				CLANG_WARN__DUPLICATE_METHOD_MATCH = YES;
				COPY_PHASE_STRIP = NO;
				DEBUG_INFORMATION_FORMAT = "dwarf-with-dsym";
				ENABLE_NS_ASSERTIONS = NO;
				ENABLE_STRICT_OBJC_MSGSEND = YES;
				GCC_C_LANGUAGE_STANDARD = gnu11;
				GCC_NO_COMMON_BLOCKS = YES;
				GCC_WARN_64_TO_32_BIT_CONVERSION = YES;
				GCC_WARN_ABOUT_RETURN_TYPE = YES_ERROR;
				GCC_WARN_UNDECLARED_SELECTOR = YES;
				GCC_WARN_UNINITIALIZED_AUTOS = YES_AGGRESSIVE;
				GCC_WARN_UNUSED_FUNCTION = YES;
				GCC_WARN_UNUSED_VARIABLE = YES;
				IPHONEOS_DEPLOYMENT_TARGET = 13.2;
				MTL_ENABLE_DEBUG_INFO = NO;
				MTL_FAST_MATH = YES;
				SDKROOT = iphoneos;
				SWIFT_COMPILATION_MODE = wholemodule;
				SWIFT_OPTIMIZATION_LEVEL = "-O";
				VALIDATE_PRODUCT = YES;
			};
			name = Release;
		};
		685B80BD2437A4F2002BF820 /* Debug */ = {
			isa = XCBuildConfiguration;
			buildSettings = {
				ASSETCATALOG_COMPILER_APPICON_NAME = AppIcon;
				CODE_SIGN_STYLE = Automatic;
				DEVELOPMENT_ASSET_PATHS = "\"librespeed-ios/Preview Content\"";
				DEVELOPMENT_TEAM = "";
				ENABLE_PREVIEWS = YES;
				INFOPLIST_FILE = "librespeed-ios/Info.plist";
				IPHONEOS_DEPLOYMENT_TARGET = 13.0;
				LD_RUNPATH_SEARCH_PATHS = (
					"$(inherited)",
					"@executable_path/Frameworks",
				);
				PRODUCT_BUNDLE_IDENTIFIER = "com.example.librespeed-ios";
				PRODUCT_NAME = "$(TARGET_NAME)";
				SWIFT_VERSION = 5.0;
				TARGETED_DEVICE_FAMILY = "1,2";
			};
			name = Debug;
		};
		685B80BE2437A4F2002BF820 /* Release */ = {
			isa = XCBuildConfiguration;
			buildSettings = {
				ASSETCATALOG_COMPILER_APPICON_NAME = AppIcon;
				CODE_SIGN_STYLE = Automatic;
				DEVELOPMENT_ASSET_PATHS = "\"librespeed-ios/Preview Content\"";
				DEVELOPMENT_TEAM = "";
				ENABLE_PREVIEWS = YES;
				INFOPLIST_FILE = "librespeed-ios/Info.plist";
				IPHONEOS_DEPLOYMENT_TARGET = 13.0;
				LD_RUNPATH_SEARCH_PATHS = (
					"$(inherited)",
					"@executable_path/Frameworks",
				);
				PRODUCT_BUNDLE_IDENTIFIER = "com.example.librespeed-ios";
				PRODUCT_NAME = "$(TARGET_NAME)";
				SWIFT_VERSION = 5.0;
				TARGETED_DEVICE_FAMILY = "1,2";
			};
			name = Release;
		};
/* End XCBuildConfiguration section */

/* Begin XCConfigurationList section */
		685B80A32437A4F2002BF820 /* Build configuration list for PBXProject "librespeed-ios" */ = {
			isa = XCConfigurationList;
			buildConfigurations = (
				685B80BA2437A4F2002BF820 /* Debug */,
				685B80BB2437A4F2002BF820 /* Release */,
			);
			defaultConfigurationIsVisible = 0;
			defaultConfigurationName = Release;
		};
		685B80BC2437A4F2002BF820 /* Build configuration list for PBXNativeTarget "librespeed-ios" */ = {
			isa = XCConfigurationList;
			buildConfigurations = (
				685B80BD2437A4F2002BF820 /* Debug */,
				685B80BE2437A4F2002BF820 /* Release */,
			);
			defaultConfigurationIsVisible = 0;
			defaultConfigurationName = Release;
		};
/* End XCConfigurationList section */
	};
	rootObject = 685B80A02437A4F2002BF820 /* Project object */;
}
